
Microsoft Visual Studio Solution File, Format Version 12.00
# Visual Studio Version 17
VisualStudioVersion = 17.0.31903.59
MinimumVisualStudioVersion = 10.0.40219.1
Project("{FAE04EC0-301F-11D3-BF4B-00C04F79EFBC}") = "UnoGame.Core", "UnoGame.Core\UnoGame.Core.csproj", "{FD4B1A35-3C57-47DC-83A3-7C98CDF913E3}"
EndProject
Project("{FAE04EC0-301F-11D3-BF4B-00C04F79EFBC}") = "UnoGame.Console", "UnoGame.Console\UnoGame.Console.csproj", "{838219B9-7A25-4E8C-9E5C-8D49C736AD88}"
EndProject
Project("{FAE04EC0-301F-11D3-BF4B-00C04F79EFBC}") = "UnoGame.Api", "UnoGame.Api\UnoGame.Api.csproj", "{51A9E5CE-26B2-49CC-9ED3-B5AFC976BB1B}"
EndProject
Global
	GlobalSection(SolutionConfigurationPlatforms) = preSolution
		Debug|Any CPU = Debug|Any CPU
		Release|Any CPU = Release|Any CPU
	EndGlobalSection
	GlobalSection(SolutionProperties) = preSolution
		HideSolutionNode = FALSE
	EndGlobalSection
	GlobalSection(ProjectConfigurationPlatforms) = postSolution
		{FD4B1A35-3C57-47DC-83A3-7C98CDF913E3}.Debug|Any CPU.ActiveCfg = Debug|Any CPU
		{FD4B1A35-3C57-47DC-83A3-7C98CDF913E3}.Debug|Any CPU.Build.0 = Debug|Any CPU
		{FD4B1A35-3C57-47DC-83A3-7C98CDF913E3}.Release|Any CPU.ActiveCfg = Release|Any CPU
		{FD4B1A35-3C57-47DC-83A3-7C98CDF913E3}.Release|Any CPU.Build.0 = Release|Any CPU
		{838219B9-7A25-4E8C-9E5C-8D49C736AD88}.Debug|Any CPU.ActiveCfg = Debug|Any CPU
		{838219B9-7A25-4E8C-9E5C-8D49C736AD88}.Debug|Any CPU.Build.0 = Debug|Any CPU
		{838219B9-7A25-4E8C-9E5C-8D49C736AD88}.Release|Any CPU.ActiveCfg = Release|Any CPU
		{838219B9-7A25-4E8C-9E5C-8D49C736AD88}.Release|Any CPU.Build.0 = Release|Any CPU
		{51A9E5CE-26B2-49CC-9ED3-B5AFC976BB1B}.Debug|Any CPU.ActiveCfg = Debug|Any CPU
		{51A9E5CE-26B2-49CC-9ED3-B5AFC976BB1B}.Debug|Any CPU.Build.0 = Debug|Any CPU
		{51A9E5CE-26B2-49CC-9ED3-B5AFC976BB1B}.Release|Any CPU.ActiveCfg = Release|Any CPU
		{51A9E5CE-26B2-49CC-9ED3-B5AFC976BB1B}.Release|Any CPU.Build.0 = Release|Any CPU
	EndGlobalSection
EndGlobal
